// !$*UTF8*$!
{
	archiveVersion = 1;
	classes = {
	};
	objectVersion = 50;
	objects = {

/* Begin PBXBuildFile section */
		EB8009A521820CF00047CACB /* AppDelegate.swift in Sources */ = {isa = PBXBuildFile; fileRef = EB8009A421820CF00047CACB /* AppDelegate.swift */; };
		EB8009A721820CF00047CACB /* HomeViewController.swift in Sources */ = {isa = PBXBuildFile; fileRef = EB8009A621820CF00047CACB /* HomeViewController.swift */; };
		EB8009AA21820CF00047CACB /* Main.storyboard in Resources */ = {isa = PBXBuildFile; fileRef = EB8009A821820CF00047CACB /* Main.storyboard */; };
		EB8009AC21820CF20047CACB /* Assets.xcassets in Resources */ = {isa = PBXBuildFile; fileRef = EB8009AB21820CF20047CACB /* Assets.xcassets */; };
		EB8009AF21820CF20047CACB /* LaunchScreen.storyboard in Resources */ = {isa = PBXBuildFile; fileRef = EB8009AD21820CF20047CACB /* LaunchScreen.storyboard */; };
		EB8009B7218210D10047CACB /* CharacterViewController.swift in Sources */ = {isa = PBXBuildFile; fileRef = EB8009B6218210D10047CACB /* CharacterViewController.swift */; };
		EB8009B92182144E0047CACB /* DetailViewController.swift in Sources */ = {isa = PBXBuildFile; fileRef = EB8009B82182144E0047CACB /* DetailViewController.swift */; };
		EBFA16C221860FCE002611C8 /* Film.swift in Sources */ = {isa = PBXBuildFile; fileRef = EBFA16C121860FCE002611C8 /* Film.swift */; };
		EBFA16C4218612C1002611C8 /* Character.swift in Sources */ = {isa = PBXBuildFile; fileRef = EBFA16C3218612C1002611C8 /* Character.swift */; };
		EBFA16C62186173B002611C8 /* NetworkService.swift in Sources */ = {isa = PBXBuildFile; fileRef = EBFA16C52186173B002611C8 /* NetworkService.swift */; };
		EBFA16CA21862B92002611C8 /* Characters.swift in Sources */ = {isa = PBXBuildFile; fileRef = EBFA16C921862B92002611C8 /* Characters.swift */; };
		EBFA16CC2186A144002611C8 /* Homeworld.swift in Sources */ = {isa = PBXBuildFile; fileRef = EBFA16CB2186A144002611C8 /* Homeworld.swift */; };
		EBFA16CE2186A208002611C8 /* Species.swift in Sources */ = {isa = PBXBuildFile; fileRef = EBFA16CD2186A208002611C8 /* Species.swift */; };
/* End PBXBuildFile section */

/* Begin PBXFileReference section */
		EB8009A121820CF00047CACB /* project-Jedi.app */ = {isa = PBXFileReference; explicitFileType = wrapper.application; includeInIndex = 0; path = "project-Jedi.app"; sourceTree = BUILT_PRODUCTS_DIR; };
		EB8009A421820CF00047CACB /* AppDelegate.swift */ = {isa = PBXFileReference; lastKnownFileType = sourcecode.swift; path = AppDelegate.swift; sourceTree = "<group>"; };
		EB8009A621820CF00047CACB /* HomeViewController.swift */ = {isa = PBXFileReference; lastKnownFileType = sourcecode.swift; path = HomeViewController.swift; sourceTree = "<group>"; };
		EB8009A921820CF00047CACB /* Base */ = {isa = PBXFileReference; lastKnownFileType = file.storyboard; name = Base; path = Base.lproj/Main.storyboard; sourceTree = "<group>"; };
		EB8009AB21820CF20047CACB /* Assets.xcassets */ = {isa = PBXFileReference; lastKnownFileType = folder.assetcatalog; path = Assets.xcassets; sourceTree = "<group>"; };
		EB8009AE21820CF20047CACB /* Base */ = {isa = PBXFileReference; lastKnownFileType = file.storyboard; name = Base; path = Base.lproj/LaunchScreen.storyboard; sourceTree = "<group>"; };
		EB8009B021820CF20047CACB /* Info.plist */ = {isa = PBXFileReference; lastKnownFileType = text.plist.xml; path = Info.plist; sourceTree = "<group>"; };
		EB8009B6218210D10047CACB /* CharacterViewController.swift */ = {isa = PBXFileReference; lastKnownFileType = sourcecode.swift; path = CharacterViewController.swift; sourceTree = "<group>"; };
		EB8009B82182144E0047CACB /* DetailViewController.swift */ = {isa = PBXFileReference; lastKnownFileType = sourcecode.swift; path = DetailViewController.swift; sourceTree = "<group>"; };
		EBFA16C121860FCE002611C8 /* Film.swift */ = {isa = PBXFileReference; lastKnownFileType = sourcecode.swift; path = Film.swift; sourceTree = "<group>"; };
		EBFA16C3218612C1002611C8 /* Character.swift */ = {isa = PBXFileReference; lastKnownFileType = sourcecode.swift; path = Character.swift; sourceTree = "<group>"; };
		EBFA16C52186173B002611C8 /* NetworkService.swift */ = {isa = PBXFileReference; lastKnownFileType = sourcecode.swift; path = NetworkService.swift; sourceTree = "<group>"; };
		EBFA16C921862B92002611C8 /* Characters.swift */ = {isa = PBXFileReference; lastKnownFileType = sourcecode.swift; path = Characters.swift; sourceTree = "<group>"; };
		EBFA16CB2186A144002611C8 /* Homeworld.swift */ = {isa = PBXFileReference; lastKnownFileType = sourcecode.swift; path = Homeworld.swift; sourceTree = "<group>"; };
		EBFA16CD2186A208002611C8 /* Species.swift */ = {isa = PBXFileReference; lastKnownFileType = sourcecode.swift; path = Species.swift; sourceTree = "<group>"; };
/* End PBXFileReference section */

/* Begin PBXFrameworksBuildPhase section */
		EB80099E21820CF00047CACB /* Frameworks */ = {
			isa = PBXFrameworksBuildPhase;
			buildActionMask = 2147483647;
			files = (
			);
			runOnlyForDeploymentPostprocessing = 0;
		};
/* End PBXFrameworksBuildPhase section */

/* Begin PBXGroup section */
		EB80099821820CF00047CACB = {
			isa = PBXGroup;
			children = (
				EB8009A321820CF00047CACB /* project-Jedi */,
				EB8009A221820CF00047CACB /* Products */,
			);
			sourceTree = "<group>";
		};
		EB8009A221820CF00047CACB /* Products */ = {
			isa = PBXGroup;
			children = (
				EB8009A121820CF00047CACB /* project-Jedi.app */,
			);
			name = Products;
			sourceTree = "<group>";
		};
		EB8009A321820CF00047CACB /* project-Jedi */ = {
			isa = PBXGroup;
			children = (
				EB8009A421820CF00047CACB /* AppDelegate.swift */,
				EB8009AB21820CF20047CACB /* Assets.xcassets */,
				EB8009B021820CF20047CACB /* Info.plist */,
				EBFA16C021860A36002611C8 /* Networking */,
				EBFA16BD218609F3002611C8 /* Model */,
				EBFA16BE21860A03002611C8 /* View */,
				EBFA16BF21860A14002611C8 /* Controller */,
			);
			path = "project-Jedi";
			sourceTree = "<group>";
		};
		EBFA16BD218609F3002611C8 /* Model */ = {
			isa = PBXGroup;
			children = (
				EBFA16C121860FCE002611C8 /* Film.swift */,
				EBFA16C921862B92002611C8 /* Characters.swift */,
				EBFA16C3218612C1002611C8 /* Character.swift */,
				EBFA16CB2186A144002611C8 /* Homeworld.swift */,
				EBFA16CD2186A208002611C8 /* Species.swift */,
			);
			name = Model;
			sourceTree = "<group>";
		};
		EBFA16BE21860A03002611C8 /* View */ = {
			isa = PBXGroup;
			children = (
				EB8009AD21820CF20047CACB /* LaunchScreen.storyboard */,
				EB8009A821820CF00047CACB /* Main.storyboard */,
			);
			path = View;
			sourceTree = "<group>";
		};
		EBFA16BF21860A14002611C8 /* Controller */ = {
			isa = PBXGroup;
			children = (
				EB8009A621820CF00047CACB /* HomeViewController.swift */,
				EB8009B6218210D10047CACB /* CharacterViewController.swift */,
				EB8009B82182144E0047CACB /* DetailViewController.swift */,
			);
			path = Controller;
			sourceTree = "<group>";
		};
		EBFA16C021860A36002611C8 /* Networking */ = {
			isa = PBXGroup;
			children = (
				EBFA16C52186173B002611C8 /* NetworkService.swift */,
			);
			name = Networking;
			sourceTree = "<group>";
		};
/* End PBXGroup section */

/* Begin PBXNativeTarget section */
		EB8009A021820CF00047CACB /* project-Jedi */ = {
			isa = PBXNativeTarget;
			buildConfigurationList = EB8009B321820CF20047CACB /* Build configuration list for PBXNativeTarget "project-Jedi" */;
			buildPhases = (
				EB80099D21820CF00047CACB /* Sources */,
				EB80099E21820CF00047CACB /* Frameworks */,
				EB80099F21820CF00047CACB /* Resources */,
			);
			buildRules = (
			);
			dependencies = (
			);
			name = "project-Jedi";
			productName = "project-Jedi";
			productReference = EB8009A121820CF00047CACB /* project-Jedi.app */;
			productType = "com.apple.product-type.application";
		};
/* End PBXNativeTarget section */

/* Begin PBXProject section */
		EB80099921820CF00047CACB /* Project object */ = {
			isa = PBXProject;
			attributes = {
				LastSwiftUpdateCheck = 1000;
				LastUpgradeCheck = 1000;
				ORGANIZATIONNAME = "Kendall Poindexter";
				TargetAttributes = {
					EB8009A021820CF00047CACB = {
						CreatedOnToolsVersion = 10.0;
					};
				};
			};
			buildConfigurationList = EB80099C21820CF00047CACB /* Build configuration list for PBXProject "project-Jedi" */;
			compatibilityVersion = "Xcode 9.3";
			developmentRegion = en;
			hasScannedForEncodings = 0;
			knownRegions = (
				en,
				Base,
			);
			mainGroup = EB80099821820CF00047CACB;
			productRefGroup = EB8009A221820CF00047CACB /* Products */;
			projectDirPath = "";
			projectRoot = "";
			targets = (
				EB8009A021820CF00047CACB /* project-Jedi */,
			);
		};
/* End PBXProject section */

/* Begin PBXResourcesBuildPhase section */
		EB80099F21820CF00047CACB /* Resources */ = {
			isa = PBXResourcesBuildPhase;
			buildActionMask = 2147483647;
			files = (
				EB8009AF21820CF20047CACB /* LaunchScreen.storyboard in Resources */,
				EB8009AC21820CF20047CACB /* Assets.xcassets in Resources */,
				EB8009AA21820CF00047CACB /* Main.storyboard in Resources */,
			);
			runOnlyForDeploymentPostprocessing = 0;
		};
/* End PBXResourcesBuildPhase section */

/* Begin PBXSourcesBuildPhase section */
		EB80099D21820CF00047CACB /* Sources */ = {
			isa = PBXSourcesBuildPhase;
			buildActionMask = 2147483647;
			files = (
				EBFA16C221860FCE002611C8 /* Film.swift in Sources */,
				EB8009B7218210D10047CACB /* CharacterViewController.swift in Sources */,
				EB8009A721820CF00047CACB /* HomeViewController.swift in Sources */,
				EBFA16CA21862B92002611C8 /* Characters.swift in Sources */,
				EBFA16C4218612C1002611C8 /* Character.swift in Sources */,
				EB8009A521820CF00047CACB /* AppDelegate.swift in Sources */,
				EBFA16CC2186A144002611C8 /* Homeworld.swift in Sources */,
				EB8009B92182144E0047CACB /* DetailViewController.swift in Sources */,
				EBFA16CE2186A208002611C8 /* Species.swift in Sources */,
				EBFA16C62186173B002611C8 /* NetworkService.swift in Sources */,
			);
			runOnlyForDeploymentPostprocessing = 0;
		};
/* End PBXSourcesBuildPhase section */

/* Begin PBXVariantGroup section */
		EB8009A821820CF00047CACB /* Main.storyboard */ = {
			isa = PBXVariantGroup;
			children = (
				EB8009A921820CF00047CACB /* Base */,
			);
			name = Main.storyboard;
			sourceTree = "<group>";
		};
		EB8009AD21820CF20047CACB /* LaunchScreen.storyboard */ = {
			isa = PBXVariantGroup;
			children = (
				EB8009AE21820CF20047CACB /* Base */,
			);
			name = LaunchScreen.storyboard;
			sourceTree = "<group>";
		};
/* End PBXVariantGroup section */

/* Begin XCBuildConfiguration section */
		EB8009B121820CF20047CACB /* Debug */ = {
			isa = XCBuildConfiguration;
			buildSettings = {
				ALWAYS_SEARCH_USER_PATHS = NO;
				CLANG_ANALYZER_NONNULL = YES;
				CLANG_ANALYZER_NUMBER_OBJECT_CONVERSION = YES_AGGRESSIVE;
				CLANG_CXX_LANGUAGE_STANDARD = "gnu++14";
				CLANG_CXX_LIBRARY = "libc++";
				CLANG_ENABLE_MODULES = YES;
				CLANG_ENABLE_OBJC_ARC = YES;
				CLANG_ENABLE_OBJC_WEAK = YES;
				CLANG_WARN_BLOCK_CAPTURE_AUTORELEASING = YES;
				CLANG_WARN_BOOL_CONVERSION = YES;
				CLANG_WARN_COMMA = YES;
				CLANG_WARN_CONSTANT_CONVERSION = YES;
				CLANG_WARN_DEPRECATED_OBJC_IMPLEMENTATIONS = YES;
				CLANG_WARN_DIRECT_OBJC_ISA_USAGE = YES_ERROR;
				CLANG_WARN_DOCUMENTATION_COMMENTS = YES;
				CLANG_WARN_EMPTY_BODY = YES;
				CLANG_WARN_ENUM_CONVERSION = YES;
				CLANG_WARN_INFINITE_RECURSION = YES;
				CLANG_WARN_INT_CONVERSION = YES;
				CLANG_WARN_NON_LITERAL_NULL_CONVERSION = YES;
				CLANG_WARN_OBJC_IMPLICIT_RETAIN_SELF = YES;
				CLANG_WARN_OBJC_LITERAL_CONVERSION = YES;
				CLANG_WARN_OBJC_ROOT_CLASS = YES_ERROR;
				CLANG_WARN_RANGE_LOOP_ANALYSIS = YES;
				CLANG_WARN_STRICT_PROTOTYPES = YES;
				CLANG_WARN_SUSPICIOUS_MOVE = YES;
				CLANG_WARN_UNGUARDED_AVAILABILITY = YES_AGGRESSIVE;
				CLANG_WARN_UNREACHABLE_CODE = YES;
				CLANG_WARN__DUPLICATE_METHOD_MATCH = YES;
				CODE_SIGN_IDENTITY = "iPhone Developer";
				COPY_PHASE_STRIP = NO;
				DEBUG_INFORMATION_FORMAT = dwarf;
				ENABLE_STRICT_OBJC_MSGSEND = YES;
				ENABLE_TESTABILITY = YES;
				GCC_C_LANGUAGE_STANDARD = gnu11;
				GCC_DYNAMIC_NO_PIC = NO;
				GCC_NO_COMMON_BLOCKS = YES;
				GCC_OPTIMIZATION_LEVEL = 0;
				GCC_PREPROCESSOR_DEFINITIONS = (
					"DEBUG=1",
					"$(inherited)",
				);
				GCC_WARN_64_TO_32_BIT_CONVERSION = YES;
				GCC_WARN_ABOUT_RETURN_TYPE = YES_ERROR;
				GCC_WARN_UNDECLARED_SELECTOR = YES;
				GCC_WARN_UNINITIALIZED_AUTOS = YES_AGGRESSIVE;
				GCC_WARN_UNUSED_FUNCTION = YES;
				GCC_WARN_UNUSED_VARIABLE = YES;
				IPHONEOS_DEPLOYMENT_TARGET = 12.0;
				MTL_ENABLE_DEBUG_INFO = INCLUDE_SOURCE;
				MTL_FAST_MATH = YES;
				ONLY_ACTIVE_ARCH = YES;
				SDKROOT = iphoneos;
				SWIFT_ACTIVE_COMPILATION_CONDITIONS = DEBUG;
				SWIFT_OPTIMIZATION_LEVEL = "-Onone";
			};
			name = Debug;
		};
		EB8009B221820CF20047CACB /* Release */ = {
			isa = XCBuildConfiguration;
			buildSettings = {
				ALWAYS_SEARCH_USER_PATHS = NO;
				CLANG_ANALYZER_NONNULL = YES;
				CLANG_ANALYZER_NUMBER_OBJECT_CONVERSION = YES_AGGRESSIVE;
				CLANG_CXX_LANGUAGE_STANDARD = "gnu++14";
				CLANG_CXX_LIBRARY = "libc++";
				CLANG_ENABLE_MODULES = YES;
				CLANG_ENABLE_OBJC_ARC = YES;
				CLANG_ENABLE_OBJC_WEAK = YES;
				CLANG_WARN_BLOCK_CAPTURE_AUTORELEASING = YES;
				CLANG_WARN_BOOL_CONVERSION = YES;
				CLANG_WARN_COMMA = YES;
				CLANG_WARN_CONSTANT_CONVERSION = YES;
				CLANG_WARN_DEPRECATED_OBJC_IMPLEMENTATIONS = YES;
				CLANG_WARN_DIRECT_OBJC_ISA_USAGE = YES_ERROR;
				CLANG_WARN_DOCUMENTATION_COMMENTS = YES;
				CLANG_WARN_EMPTY_BODY = YES;
				CLANG_WARN_ENUM_CONVERSION = YES;
				CLANG_WARN_INFINITE_RECURSION = YES;
				CLANG_WARN_INT_CONVERSION = YES;
				CLANG_WARN_NON_LITERAL_NULL_CONVERSION = YES;
				CLANG_WARN_OBJC_IMPLICIT_RETAIN_SELF = YES;
				CLANG_WARN_OBJC_LITERAL_CONVERSION = YES;
				CLANG_WARN_OBJC_ROOT_CLASS = YES_ERROR;
				CLANG_WARN_RANGE_LOOP_ANALYSIS = YES;
				CLANG_WARN_STRICT_PROTOTYPES = YES;
				CLANG_WARN_SUSPICIOUS_MOVE = YES;
				CLANG_WARN_UNGUARDED_AVAILABILITY = YES_AGGRESSIVE;
				CLANG_WARN_UNREACHABLE_CODE = YES;
				CLANG_WARN__DUPLICATE_METHOD_MATCH = YES;
				CODE_SIGN_IDENTITY = "iPhone Developer";
				COPY_PHASE_STRIP = NO;
				DEBUG_INFORMATION_FORMAT = "dwarf-with-dsym";
				ENABLE_NS_ASSERTIONS = NO;
				ENABLE_STRICT_OBJC_MSGSEND = YES;
				GCC_C_LANGUAGE_STANDARD = gnu11;
				GCC_NO_COMMON_BLOCKS = YES;
				GCC_WARN_64_TO_32_BIT_CONVERSION = YES;
				GCC_WARN_ABOUT_RETURN_TYPE = YES_ERROR;
				GCC_WARN_UNDECLARED_SELECTOR = YES;
				GCC_WARN_UNINITIALIZED_AUTOS = YES_AGGRESSIVE;
				GCC_WARN_UNUSED_FUNCTION = YES;
				GCC_WARN_UNUSED_VARIABLE = YES;
				IPHONEOS_DEPLOYMENT_TARGET = 12.0;
				MTL_ENABLE_DEBUG_INFO = NO;
				MTL_FAST_MATH = YES;
				SDKROOT = iphoneos;
				SWIFT_COMPILATION_MODE = wholemodule;
				SWIFT_OPTIMIZATION_LEVEL = "-O";
				VALIDATE_PRODUCT = YES;
			};
			name = Release;
		};
		EB8009B421820CF20047CACB /* Debug */ = {
			isa = XCBuildConfiguration;
			buildSettings = {
				ASSETCATALOG_COMPILER_APPICON_NAME = AppIcon;
				CODE_SIGN_STYLE = Automatic;
				INFOPLIST_FILE = "project-Jedi/Info.plist";
				LD_RUNPATH_SEARCH_PATHS = (
					"$(inherited)",
					"@executable_path/Frameworks",
				);
				PRODUCT_BUNDLE_IDENTIFIER = "com.detroitlabs.project-Jedi";
				PRODUCT_NAME = "$(TARGET_NAME)";
				SWIFT_VERSION = 4.2;
				TARGETED_DEVICE_FAMILY = "1,2";
			};
			name = Debug;
		};
		EB8009B521820CF20047CACB /* Release */ = {
			isa = XCBuildConfiguration;
			buildSettings = {
				ASSETCATALOG_COMPILER_APPICON_NAME = AppIcon;
				CODE_SIGN_STYLE = Automatic;
				INFOPLIST_FILE = "project-Jedi/Info.plist";
				LD_RUNPATH_SEARCH_PATHS = (
					"$(inherited)",
					"@executable_path/Frameworks",
				);
				PRODUCT_BUNDLE_IDENTIFIER = "com.detroitlabs.project-Jedi";
				PRODUCT_NAME = "$(TARGET_NAME)";
				SWIFT_VERSION = 4.2;
				TARGETED_DEVICE_FAMILY = "1,2";
			};
			name = Release;
		};
/* End XCBuildConfiguration section */

/* Begin XCConfigurationList section */
		EB80099C21820CF00047CACB /* Build configuration list for PBXProject "project-Jedi" */ = {
			isa = XCConfigurationList;
			buildConfigurations = (
				EB8009B121820CF20047CACB /* Debug */,
				EB8009B221820CF20047CACB /* Release */,
			);
			defaultConfigurationIsVisible = 0;
			defaultConfigurationName = Release;
		};
		EB8009B321820CF20047CACB /* Build configuration list for PBXNativeTarget "project-Jedi" */ = {
			isa = XCConfigurationList;
			buildConfigurations = (
				EB8009B421820CF20047CACB /* Debug */,
				EB8009B521820CF20047CACB /* Release */,
			);
			defaultConfigurationIsVisible = 0;
			defaultConfigurationName = Release;
		};
/* End XCConfigurationList section */
	};
	rootObject = EB80099921820CF00047CACB /* Project object */;
}
